
Microsoft Visual Studio Solution File, Format Version 12.00
Project("{FAE04EC0-301F-11D3-BF4B-00C04F79EFBC}") = "Spark.Connect.Dotnet", "Spark.Connect.Dotnet\Spark.Connect.Dotnet.csproj", "{02333A5B-B25E-479B-B68B-0B53E439DFC1}"
EndProject
Project("{FAE04EC0-301F-11D3-BF4B-00C04F79EFBC}") = "Spark.Connect.Dotnet.GrpcClient", "Spark.Connect.Dotnet.GrpcClient\Spark.Connect.Dotnet.GrpcClient.csproj", "{E90B562B-913F-4519-BCB7-438793150F32}"
EndProject
Project("{2150E333-8FDC-42A3-9474-1A3956D46DE8}") = "Test", "Test", "{83E33E52-738D-4E03-B514-07D4D1010302}"
EndProject
Project("{FAE04EC0-301F-11D3-BF4B-00C04F79EFBC}") = "Spark.Connect.Dotnet.Tests", "..\test\Spark.Connect.Dotnet.Tests\Spark.Connect.Dotnet.Tests.csproj", "{3777CBE7-E912-4F6D-997D-D8F0B85A3DA0}"
EndProject
Global
	GlobalSection(SolutionConfigurationPlatforms) = preSolution
		Debug|Any CPU = Debug|Any CPU
		Release|Any CPU = Release|Any CPU
	EndGlobalSection
	GlobalSection(ProjectConfigurationPlatforms) = postSolution
		{02333A5B-B25E-479B-B68B-0B53E439DFC1}.Debug|Any CPU.ActiveCfg = Debug|Any CPU
		{02333A5B-B25E-479B-B68B-0B53E439DFC1}.Debug|Any CPU.Build.0 = Debug|Any CPU
		{02333A5B-B25E-479B-B68B-0B53E439DFC1}.Release|Any CPU.ActiveCfg = Release|Any CPU
		{02333A5B-B25E-479B-B68B-0B53E439DFC1}.Release|Any CPU.Build.0 = Release|Any CPU
		{E90B562B-913F-4519-BCB7-438793150F32}.Debug|Any CPU.ActiveCfg = Debug|Any CPU
		{E90B562B-913F-4519-BCB7-438793150F32}.Debug|Any CPU.Build.0 = Debug|Any CPU
		{E90B562B-913F-4519-BCB7-438793150F32}.Release|Any CPU.ActiveCfg = Release|Any CPU
		{E90B562B-913F-4519-BCB7-438793150F32}.Release|Any CPU.Build.0 = Release|Any CPU
		{3777CBE7-E912-4F6D-997D-D8F0B85A3DA0}.Debug|Any CPU.ActiveCfg = Debug|Any CPU
		{3777CBE7-E912-4F6D-997D-D8F0B85A3DA0}.Debug|Any CPU.Build.0 = Debug|Any CPU
		{3777CBE7-E912-4F6D-997D-D8F0B85A3DA0}.Release|Any CPU.ActiveCfg = Release|Any CPU
		{3777CBE7-E912-4F6D-997D-D8F0B85A3DA0}.Release|Any CPU.Build.0 = Release|Any CPU
	EndGlobalSection
	GlobalSection(NestedProjects) = preSolution
		{3777CBE7-E912-4F6D-997D-D8F0B85A3DA0} = {83E33E52-738D-4E03-B514-07D4D1010302}
	EndGlobalSection
EndGlobal
