
Microsoft Visual Studio Solution File, Format Version 12.00
Project("{FAE04EC0-301F-11D3-BF4B-00C04F79EFBC}") = "Spark.Connect.Dotnet", "Spark.Connect.Dotnet\Spark.Connect.Dotnet\Spark.Connect.Dotnet.csproj", "{8F30FBDE-3659-4703-86C6-2C324FC097D0}"
EndProject
Project("{2150E333-8FDC-42A3-9474-1A3956D46DE8}") = "Test", "Test", "{3F60E0E6-5620-4095-85C0-574C780816BF}"
EndProject
Project("{2150E333-8FDC-42A3-9474-1A3956D46DE8}") = "Source", "Source", "{B8FF5C3A-A7DD-4B36-AF8A-ECA059A691BE}"
EndProject
Project("{2150E333-8FDC-42A3-9474-1A3956D46DE8}") = "Xamples", "Xamples", "{EB76790E-E1F6-48FA-972A-AC1848A549E9}"
EndProject
Project("{FAE04EC0-301F-11D3-BF4B-00C04F79EFBC}") = "Spark.Connect.Dotnet.Tests", "test\Spark.Connect.Dotnet.Tests\Spark.Connect.Dotnet.Tests.csproj", "{3757182D-374B-40B1-B920-88F8FC48D988}"
EndProject
Project("{FAE04EC0-301F-11D3-BF4B-00C04F79EFBC}") = "databricks_example", "example\databricks_example\databricks_example.csproj", "{C6F3754C-A5C3-4CB5-B91D-CC2DB2D5FB32}"
EndProject
Project("{FAE04EC0-301F-11D3-BF4B-00C04F79EFBC}") = "Spark.Connect.Dotnet.GrpcClient", "Spark.Connect.Dotnet\Spark.Connect.Dotnet.GrpcClient\Spark.Connect.Dotnet.GrpcClient.csproj", "{D82B0141-2E66-4BED-81F8-D1ACCC24AF62}"
EndProject
Project("{FAE04EC0-301F-11D3-BF4B-00C04F79EFBC}") = "basic_example", "example\basic_example\basic_example.csproj", "{2E068591-CCC3-443E-BA1F-E495BFD7B065}"
EndProject
Project("{F2A71F9B-5D33-465A-A702-920D77279786}") = "basic_example_fsharp", "example\basic_example_fsharp\basic_example_fsharp.fsproj", "{3A290A3D-12E5-4737-8AFC-D6B29176CEE6}"
EndProject
Global
	GlobalSection(SolutionConfigurationPlatforms) = preSolution
		Debug|Any CPU = Debug|Any CPU
		Release|Any CPU = Release|Any CPU
	EndGlobalSection
	GlobalSection(ProjectConfigurationPlatforms) = postSolution
		{8F30FBDE-3659-4703-86C6-2C324FC097D0}.Debug|Any CPU.ActiveCfg = Debug|Any CPU
		{8F30FBDE-3659-4703-86C6-2C324FC097D0}.Debug|Any CPU.Build.0 = Debug|Any CPU
		{8F30FBDE-3659-4703-86C6-2C324FC097D0}.Release|Any CPU.ActiveCfg = Release|Any CPU
		{8F30FBDE-3659-4703-86C6-2C324FC097D0}.Release|Any CPU.Build.0 = Release|Any CPU
		{3757182D-374B-40B1-B920-88F8FC48D988}.Debug|Any CPU.ActiveCfg = Debug|Any CPU
		{3757182D-374B-40B1-B920-88F8FC48D988}.Debug|Any CPU.Build.0 = Debug|Any CPU
		{3757182D-374B-40B1-B920-88F8FC48D988}.Release|Any CPU.ActiveCfg = Release|Any CPU
		{3757182D-374B-40B1-B920-88F8FC48D988}.Release|Any CPU.Build.0 = Release|Any CPU
		{C6F3754C-A5C3-4CB5-B91D-CC2DB2D5FB32}.Debug|Any CPU.ActiveCfg = Debug|Any CPU
		{C6F3754C-A5C3-4CB5-B91D-CC2DB2D5FB32}.Debug|Any CPU.Build.0 = Debug|Any CPU
		{C6F3754C-A5C3-4CB5-B91D-CC2DB2D5FB32}.Release|Any CPU.ActiveCfg = Release|Any CPU
		{C6F3754C-A5C3-4CB5-B91D-CC2DB2D5FB32}.Release|Any CPU.Build.0 = Release|Any CPU
		{D82B0141-2E66-4BED-81F8-D1ACCC24AF62}.Debug|Any CPU.ActiveCfg = Debug|Any CPU
		{D82B0141-2E66-4BED-81F8-D1ACCC24AF62}.Debug|Any CPU.Build.0 = Debug|Any CPU
		{D82B0141-2E66-4BED-81F8-D1ACCC24AF62}.Release|Any CPU.ActiveCfg = Release|Any CPU
		{D82B0141-2E66-4BED-81F8-D1ACCC24AF62}.Release|Any CPU.Build.0 = Release|Any CPU
		{2E068591-CCC3-443E-BA1F-E495BFD7B065}.Debug|Any CPU.ActiveCfg = Debug|Any CPU
		{2E068591-CCC3-443E-BA1F-E495BFD7B065}.Debug|Any CPU.Build.0 = Debug|Any CPU
		{2E068591-CCC3-443E-BA1F-E495BFD7B065}.Release|Any CPU.ActiveCfg = Release|Any CPU
		{2E068591-CCC3-443E-BA1F-E495BFD7B065}.Release|Any CPU.Build.0 = Release|Any CPU
		{3A290A3D-12E5-4737-8AFC-D6B29176CEE6}.Debug|Any CPU.ActiveCfg = Debug|Any CPU
		{3A290A3D-12E5-4737-8AFC-D6B29176CEE6}.Debug|Any CPU.Build.0 = Debug|Any CPU
		{3A290A3D-12E5-4737-8AFC-D6B29176CEE6}.Release|Any CPU.ActiveCfg = Release|Any CPU
		{3A290A3D-12E5-4737-8AFC-D6B29176CEE6}.Release|Any CPU.Build.0 = Release|Any CPU
		{0C1D8E0E-FCFF-44EC-BC1B-B3138FB1F7D7}.Debug|Any CPU.ActiveCfg = Debug|Any CPU
		{0C1D8E0E-FCFF-44EC-BC1B-B3138FB1F7D7}.Debug|Any CPU.Build.0 = Debug|Any CPU
		{0C1D8E0E-FCFF-44EC-BC1B-B3138FB1F7D7}.Release|Any CPU.ActiveCfg = Release|Any CPU
		{0C1D8E0E-FCFF-44EC-BC1B-B3138FB1F7D7}.Release|Any CPU.Build.0 = Release|Any CPU
	EndGlobalSection
	GlobalSection(NestedProjects) = preSolution
		{8F30FBDE-3659-4703-86C6-2C324FC097D0} = {B8FF5C3A-A7DD-4B36-AF8A-ECA059A691BE}
		{3757182D-374B-40B1-B920-88F8FC48D988} = {3F60E0E6-5620-4095-85C0-574C780816BF}
		{C6F3754C-A5C3-4CB5-B91D-CC2DB2D5FB32} = {EB76790E-E1F6-48FA-972A-AC1848A549E9}
		{D82B0141-2E66-4BED-81F8-D1ACCC24AF62} = {B8FF5C3A-A7DD-4B36-AF8A-ECA059A691BE}
		{2E068591-CCC3-443E-BA1F-E495BFD7B065} = {EB76790E-E1F6-48FA-972A-AC1848A549E9}
		{3A290A3D-12E5-4737-8AFC-D6B29176CEE6} = {EB76790E-E1F6-48FA-972A-AC1848A549E9}
		{0C1D8E0E-FCFF-44EC-BC1B-B3138FB1F7D7} = {EB76790E-E1F6-48FA-972A-AC1848A549E9}
	EndGlobalSection
EndGlobal
